<?xml version="1.0" encoding="utf-8"?>
<Project ToolsVersion="4.0" xmlns="http://schemas.microsoft.com/developer/msbuild/2003">
  <ItemGroup>
    <ClCompile Include="stdafx.cpp">
      <Filter>소스 파일</Filter>
    </ClCompile>
    <ClCompile Include="OWPMLSectionHandler.cpp">
      <Filter>소스 파일</Filter>
    </ClCompile>
    <ClCompile Include="OWPMLSerializeModel.cpp">
      <Filter>소스 파일</Filter>
    </ClCompile>
    <ClCompile Include="OWPMLSerialize.cpp">
      <Filter>소스 파일</Filter>
    </ClCompile>
    <ClCompile Include="OWPMLDocument.cpp">
      <Filter>소스 파일</Filter>
    </ClCompile>
  </ItemGroup>
  <ItemGroup>
    <ClInclude Include="stdafx.h">
      <Filter>헤더 파일</Filter>
    </ClInclude>
    <ClInclude Include="OWPMLDocumentDef.h">
      <Filter>헤더 파일</Filter>
    </ClInclude>
    <ClInclude Include="OWPMLSectionHandler.h">
      <Filter>헤더 파일</Filter>
    </ClInclude>
    <ClInclude Include="OWPMLApi.h">
      <Filter>헤더 파일</Filter>
    </ClInclude>
    <ClInclude Include="OWPMLSerializeModel.h">
      <Filter>헤더 파일</Filter>
    </ClInclude>
    <ClInclude Include="OWPMLSerialize.h">
      <Filter>헤더 파일</Filter>
    </ClInclude>
    <ClInclude Include="OWPMLDocument.h">
      <Filter>헤더 파일</Filter>
    </ClInclude>
  </ItemGroup>
  <ItemGroup>
    <Filter Include="소스 파일">
      <UniqueIdentifier>{5b85ea22-69a2-4641-8e27-ad2a8b1b1bbd}</UniqueIdentifier>
    </Filter>
    <Filter Include="헤더 파일">
      <UniqueIdentifier>{545ae7f1-6ed1-4ae7-860b-2c73ad05ea3b}</UniqueIdentifier>
    </Filter>
  </ItemGroup>
</Project>